
Microsoft Visual Studio Solution File, Format Version 12.00
# Visual Studio Version 17
VisualStudioVersion = 17.7.34202.233
MinimumVisualStudioVersion = 10.0.40219.1
Project("{FAE04EC0-301F-11D3-BF4B-00C04F79EFBC}") = "WebApplication1", "WebApplication1\WebApplication1.csproj", "{C95BF8B2-9BF0-40FB-AE9D-9766FE7DD52F}"
EndProject
Global
	GlobalSection(SolutionConfigurationPlatforms) = preSolution
		Debug|Any CPU = Debug|Any CPU
		Release|Any CPU = Release|Any CPU
	EndGlobalSection
	GlobalSection(ProjectConfigurationPlatforms) = postSolution
		{C95BF8B2-9BF0-40FB-AE9D-9766FE7DD52F}.Debug|Any CPU.ActiveCfg = Debug|Any CPU
		{C95BF8B2-9BF0-40FB-AE9D-9766FE7DD52F}.Debug|Any CPU.Build.0 = Debug|Any CPU
		{C95BF8B2-9BF0-40FB-AE9D-9766FE7DD52F}.Release|Any CPU.ActiveCfg = Release|Any CPU
		{C95BF8B2-9BF0-40FB-AE9D-9766FE7DD52F}.Release|Any CPU.Build.0 = Release|Any CPU
	EndGlobalSection
	GlobalSection(SolutionProperties) = preSolution
		HideSolutionNode = FALSE
	EndGlobalSection
	GlobalSection(ExtensibilityGlobals) = postSolution
		SolutionGuid = {FBBB0A2A-A0DF-4E7B-8617-757C3D4AF58F}
	EndGlobalSection
EndGlobal
